<?xml version="1.0" encoding="utf-8"?>
<Project ToolsVersion="4.0" xmlns="http://schemas.microsoft.com/developer/msbuild/2003">
  <ItemGroup>
    <Filter Include="소스 파일">
      <UniqueIdentifier>{4FC737F1-C7A5-4376-A066-2A32D752A2FF}</UniqueIdentifier>
      <Extensions>cpp;c;cc;cxx;c++;cppm;ixx;def;odl;idl;hpj;bat;asm;asmx</Extensions>
    </Filter>
    <Filter Include="헤더 파일">
      <UniqueIdentifier>{93995380-89BD-4b04-88EB-625FBE52EBFB}</UniqueIdentifier>
      <Extensions>h;hh;hpp;hxx;h++;hm;inl;inc;ipp;xsd</Extensions>
    </Filter>
    <Filter Include="리소스 파일">
      <UniqueIdentifier>{67DA6AB6-F800-4c08-8B7A-83BB121AAD01}</UniqueIdentifier>
      <Extensions>rc;ico;cur;bmp;dlg;rc2;rct;bin;rgs;gif;jpg;jpeg;jpe;resx;tiff;tif;png;wav;mfcribbon-ms</Extensions>
    </Filter>
    <Filter Include="헤더 파일\Manager">
      <UniqueIdentifier>{750e36e5-5b85-4698-b438-6f8cbac87083}</UniqueIdentifier>
    </Filter>
    <Filter Include="헤더 파일\Helper">
      <UniqueIdentifier>{09272ee9-c396-4aae-8f14-de15ffbac501}</UniqueIdentifier>
    </Filter>
    <Filter Include="헤더 파일\Component">
      <UniqueIdentifier>{970072ec-53f2-445d-a2d5-d2275e3ede53}</UniqueIdentifier>
    </Filter>
    <Filter Include="헤더 파일\Interface">
      <UniqueIdentifier>{83103bac-9d6c-46be-92ac-bcae19200418}</UniqueIdentifier>
    </Filter>
    <Filter Include="소스 파일\Component">
      <UniqueIdentifier>{f3760ba4-9704-431b-9661-2256fe10068d}</UniqueIdentifier>
    </Filter>
    <Filter Include="소스 파일\Manager">
      <UniqueIdentifier>{81ba0444-9d3a-4d3e-81f5-584315da8eb1}</UniqueIdentifier>
    </Filter>
    <Filter Include="소스 파일\Helper">
      <UniqueIdentifier>{2c81a446-163a-4d14-b10f-ac2ab25292e4}</UniqueIdentifier>
    </Filter>
    <Filter Include="소스 파일\Interface">
      <UniqueIdentifier>{ab1d5bc8-1898-4cf7-893c-c5ac5d453a97}</UniqueIdentifier>
    </Filter>
    <Filter Include="헤더 파일\Structor">
      <UniqueIdentifier>{69122c97-dca2-4b9f-8f6f-106401927b6e}</UniqueIdentifier>
    </Filter>
    <Filter Include="헤더 파일\Enum">
      <UniqueIdentifier>{4b489a5c-9135-44f5-bd67-d010c01f7f83}</UniqueIdentifier>
    </Filter>
    <Filter Include="헤더 파일\ManagedClass">
      <UniqueIdentifier>{03fe6d9d-dbf0-47db-a69a-13ce8893f0ce}</UniqueIdentifier>
    </Filter>
    <Filter Include="소스 파일\ManagedClass">
      <UniqueIdentifier>{8b7f5549-9d3e-48b4-99b5-8d397d2370d2}</UniqueIdentifier>
    </Filter>
    <Filter Include="소스 파일\AbstractClass">
      <UniqueIdentifier>{c4848500-7a7c-432d-8f71-332b7b2db6a5}</UniqueIdentifier>
    </Filter>
    <Filter Include="헤더 파일\AbstractClass">
      <UniqueIdentifier>{be4cbb98-b2e4-424e-ada7-444046340812}</UniqueIdentifier>
    </Filter>
  </ItemGroup>
  <ItemGroup>
    <ClCompile Include="WinApp.cpp">
      <Filter>소스 파일</Filter>
    </ClCompile>
    <ClCompile Include="GameProcessor.cpp">
      <Filter>소스 파일</Filter>
    </ClCompile>
    <ClCompile Include="IUpdateable.cpp">
      <Filter>소스 파일\Interface</Filter>
    </ClCompile>
    <ClCompile Include="IRenderable.cpp">
      <Filter>소스 파일\Interface</Filter>
    </ClCompile>
    <ClCompile Include="ICollideable.cpp">
      <Filter>소스 파일\Interface</Filter>
    </ClCompile>
    <ClCompile Include="SpriteRenderer.cpp">
      <Filter>소스 파일\Component</Filter>
    </ClCompile>
    <ClCompile Include="IFixedUpdateable.cpp">
      <Filter>소스 파일\Interface</Filter>
    </ClCompile>
    <ClCompile Include="RenderManager.cpp">
      <Filter>소스 파일\Manager</Filter>
    </ClCompile>
    <ClCompile Include="TimeManager.cpp">
      <Filter>소스 파일\Manager</Filter>
    </ClCompile>
    <ClCompile Include="InputManager.cpp">
      <Filter>소스 파일\Manager</Filter>
    </ClCompile>
    <ClCompile Include="Vector2.cpp">
      <Filter>소스 파일\Helper</Filter>
    </ClCompile>
    <ClCompile Include="hRectangle.cpp">
      <Filter>소스 파일\Helper</Filter>
    </ClCompile>
    <ClCompile Include="Collision.cpp">
      <Filter>소스 파일\Helper</Filter>
    </ClCompile>
    <ClCompile Include="AABB.h">
      <Filter>헤더 파일\Structor</Filter>
    </ClCompile>
    <ClCompile Include="CircleCollider.cpp">
      <Filter>소스 파일\Component</Filter>
    </ClCompile>
    <ClCompile Include="MathHelper.cpp">
      <Filter>소스 파일\Helper</Filter>
    </ClCompile>
    <ClCompile Include="Transform.cpp">
      <Filter>소스 파일\Component</Filter>
    </ClCompile>
    <ClCompile Include="Rigidbody.cpp">
      <Filter>소스 파일\Component</Filter>
    </ClCompile>
    <ClCompile Include="OBBCollider.cpp">
      <Filter>소스 파일\Component</Filter>
    </ClCompile>
    <ClCompile Include="AABBCollider.cpp">
      <Filter>소스 파일\Component</Filter>
    </ClCompile>
    <ClCompile Include="SceneManager.cpp">
      <Filter>소스 파일\Manager</Filter>
    </ClCompile>
    <ClCompile Include="Scene.cpp">
      <Filter>소스 파일\ManagedClass</Filter>
    </ClCompile>
    <ClCompile Include="AnimationAsset.cpp">
      <Filter>소스 파일\ManagedClass</Filter>
    </ClCompile>
    <ClCompile Include="EventManager.cpp">
      <Filter>소스 파일\Manager</Filter>
    </ClCompile>
    <ClCompile Include="ObjectManager.cpp">
      <Filter>소스 파일\Manager</Filter>
    </ClCompile>
    <ClCompile Include="GameObject.cpp">
      <Filter>소스 파일\ManagedClass</Filter>
    </ClCompile>
    <ClCompile Include="CollisionManager.cpp">
      <Filter>소스 파일\Manager</Filter>
    </ClCompile>
    <ClCompile Include="AnimationRenderer.cpp">
      <Filter>소스 파일\Component</Filter>
    </ClCompile>
    <ClCompile Include="CameraManager.cpp">
      <Filter>소스 파일\Manager</Filter>
    </ClCompile>
    <ClCompile Include="SoundAsset.cpp">
      <Filter>소스 파일\ManagedClass</Filter>
    </ClCompile>
    <ClCompile Include="SoundManager.cpp">
      <Filter>소스 파일\Manager</Filter>
    </ClCompile>
    <ClCompile Include="Collider.cpp">
      <Filter>소스 파일\AbstractClass</Filter>
    </ClCompile>
    <ClCompile Include="Component.cpp">
      <Filter>소스 파일\AbstractClass</Filter>
    </ClCompile>
    <ClCompile Include="BaseEntity.cpp">
      <Filter>소스 파일\AbstractClass</Filter>
    </ClCompile>
    <ClCompile Include="ISerialize.h">
      <Filter>헤더 파일\Interface</Filter>
    </ClCompile>
    <ClCompile Include="StringHelper.cpp">
      <Filter>소스 파일\Helper</Filter>
    </ClCompile>
    <ClCompile Include="AsyncInputManager.cpp">
      <Filter>소스 파일\Manager</Filter>
    </ClCompile>
    <ClCompile Include="BeatManager.cpp">
      <Filter>소스 파일\Manager</Filter>
    </ClCompile>
    <ClCompile Include="EffectManager.cpp">
      <Filter>소스 파일\Manager</Filter>
    </ClCompile>
    <ClCompile Include="Repeller.cpp">
      <Filter>소스 파일</Filter>
    </ClCompile>
    <ClCompile Include="SceneLoader.cpp">
      <Filter>소스 파일\Helper</Filter>
    </ClCompile>
    <ClCompile Include="ParticleManager.cpp">
      <Filter>소스 파일\Manager</Filter>
    </ClCompile>
    <ClCompile Include="ComponentManager.cpp">
      <Filter>소스 파일\Manager</Filter>
    </ClCompile>
    <ClCompile Include="Particle.cpp">
      <Filter>소스 파일\ManagedClass</Filter>
    </ClCompile>
    <ClCompile Include="ParticleEmitter.cpp">
      <Filter>소스 파일\ManagedClass</Filter>
    </ClCompile>
    <ClCompile Include="GridComponent.cpp">
      <Filter>소스 파일\Component</Filter>
    </ClCompile>
    <ClCompile Include="GridMoveComponent.cpp">
      <Filter>소스 파일\Component</Filter>
    </ClCompile>
    <ClCompile Include="eSceneType.cpp">
      <Filter>소스 파일</Filter>
    </ClCompile>
  </ItemGroup>
  <ItemGroup>
    <ClInclude Include="WinApp.h">
      <Filter>헤더 파일</Filter>
    </ClInclude>
    <ClInclude Include="GameProcessor.h">
      <Filter>헤더 파일</Filter>
    </ClInclude>
    <ClInclude Include="InputManager.h">
      <Filter>헤더 파일\Manager</Filter>
    </ClInclude>
    <ClInclude Include="RenderManger.h">
      <Filter>헤더 파일\Manager</Filter>
    </ClInclude>
    <ClInclude Include="TimeManager.h">
      <Filter>헤더 파일\Manager</Filter>
    </ClInclude>
    <ClInclude Include="hRectangle.h">
      <Filter>헤더 파일\Helper</Filter>
    </ClInclude>
    <ClInclude Include="Vector2.h">
      <Filter>헤더 파일\Helper</Filter>
    </ClInclude>
    <ClInclude Include="IRenderable.h">
      <Filter>헤더 파일\Interface</Filter>
    </ClInclude>
    <ClInclude Include="ICollideable.h">
      <Filter>헤더 파일\Interface</Filter>
    </ClInclude>
    <ClInclude Include="IUpdateable.h">
      <Filter>헤더 파일\Interface</Filter>
    </ClInclude>
    <ClInclude Include="IFixedUpdateable.h">
      <Filter>헤더 파일\Interface</Filter>
    </ClInclude>
    <ClInclude Include="Rigidbody.h">
      <Filter>헤더 파일\Component</Filter>
    </ClInclude>
    <ClInclude Include="SpriteRenderer.h">
      <Filter>헤더 파일\Component</Filter>
    </ClInclude>
    <ClInclude Include="Transform.h">
      <Filter>헤더 파일\Component</Filter>
    </ClInclude>
    <ClInclude Include="Collision.h">
      <Filter>헤더 파일\Helper</Filter>
    </ClInclude>
    <ClInclude Include="OBB.h">
      <Filter>헤더 파일\Structor</Filter>
    </ClInclude>
    <ClInclude Include="Circle.h">
      <Filter>헤더 파일\Structor</Filter>
    </ClInclude>
    <ClInclude Include="CircleCollider.h">
      <Filter>헤더 파일\Component</Filter>
    </ClInclude>
    <ClInclude Include="Manifold.h">
      <Filter>헤더 파일\Structor</Filter>
    </ClInclude>
    <ClInclude Include="eColliderType.h">
      <Filter>헤더 파일\Enum</Filter>
    </ClInclude>
    <ClInclude Include="AABBCollider.h">
      <Filter>헤더 파일\Component</Filter>
    </ClInclude>
    <ClInclude Include="OBBCollider.h">
      <Filter>헤더 파일\Component</Filter>
    </ClInclude>
    <ClInclude Include="MathHelper.h">
      <Filter>헤더 파일\Helper</Filter>
    </ClInclude>
    <ClInclude Include="SceneManager.h">
      <Filter>헤더 파일\Manager</Filter>
    </ClInclude>
    <ClInclude Include="Scene.h">
      <Filter>헤더 파일\ManagedClass</Filter>
    </ClInclude>
    <ClInclude Include="AnimationAsset.h">
      <Filter>헤더 파일\ManagedClass</Filter>
    </ClInclude>
    <ClInclude Include="GameObject.h">
      <Filter>헤더 파일\ManagedClass</Filter>
    </ClInclude>
    <ClInclude Include="EventManager.h">
      <Filter>헤더 파일\Manager</Filter>
    </ClInclude>
    <ClInclude Include="CollisionManager.h">
      <Filter>헤더 파일\Manager</Filter>
    </ClInclude>
    <ClInclude Include="ObjectManager.h">
      <Filter>헤더 파일\Manager</Filter>
    </ClInclude>
    <ClInclude Include="AnimationRenderer.h">
      <Filter>헤더 파일\Component</Filter>
    </ClInclude>
    <ClInclude Include="eFrameworkID.h">
      <Filter>헤더 파일\Enum</Filter>
    </ClInclude>
    <ClInclude Include="FrameInfomation.h">
      <Filter>헤더 파일\Structor</Filter>
    </ClInclude>
    <ClInclude Include="CameraManager.h">
      <Filter>헤더 파일\Manager</Filter>
    </ClInclude>
    <ClInclude Include="SoundManager.h">
      <Filter>헤더 파일\Manager</Filter>
    </ClInclude>
    <ClInclude Include="SoundAsset.h">
      <Filter>헤더 파일\ManagedClass</Filter>
    </ClInclude>
    <ClInclude Include="BaseEntity.h">
      <Filter>헤더 파일\AbstractClass</Filter>
    </ClInclude>
    <ClInclude Include="Collider.h">
      <Filter>헤더 파일\AbstractClass</Filter>
    </ClInclude>
    <ClInclude Include="eObjectType.h">
      <Filter>헤더 파일\Enum</Filter>
    </ClInclude>
    <ClInclude Include="Component.h">
      <Filter>헤더 파일\AbstractClass</Filter>
    </ClInclude>
    <ClInclude Include="EffectManager.h">
      <Filter>헤더 파일\Manager</Filter>
    </ClInclude>
    <ClInclude Include="AsyncInputManager.h">
      <Filter>헤더 파일\Manager</Filter>
    </ClInclude>
    <ClInclude Include="BeatManager.h">
      <Filter>헤더 파일\Manager</Filter>
    </ClInclude>
    <ClInclude Include="Repeller.h">
      <Filter>헤더 파일</Filter>
    </ClInclude>
    <ClInclude Include="Particle.h">
      <Filter>헤더 파일\ManagedClass</Filter>
    </ClInclude>
    <ClInclude Include="ParticleEmitter.h">
      <Filter>헤더 파일\ManagedClass</Filter>
    </ClInclude>
    <ClInclude Include="ParticleManager.h">
      <Filter>헤더 파일\Manager</Filter>
    </ClInclude>
    <ClInclude Include="ComponentManager.h">
      <Filter>헤더 파일\Manager</Filter>
    </ClInclude>
    <ClInclude Include="GridComponent.h">
      <Filter>헤더 파일\Component</Filter>
    </ClInclude>
    <ClInclude Include="ObjectPool.h">
      <Filter>헤더 파일\Helper</Filter>
    </ClInclude>
    <ClInclude Include="SceneLoader.h">
      <Filter>헤더 파일\Helper</Filter>
    </ClInclude>
    <ClInclude Include="CameraComponent.h">
      <Filter>헤더 파일</Filter>
    </ClInclude>
    <ClInclude Include="StringHelper.h">
      <Filter>헤더 파일\Helper</Filter>
    </ClInclude>
    <ClInclude Include="GridMoveComponent.h">
      <Filter>헤더 파일\Component</Filter>
    </ClInclude>
    <ClInclude Include="GridPosition.h">
      <Filter>헤더 파일\Structor</Filter>
    </ClInclude>
    <ClInclude Include="KeyInformation.h">
      <Filter>헤더 파일\Structor</Filter>
    </ClInclude>
    <ClInclude Include="GridVector.h">
      <Filter>헤더 파일\Structor</Filter>
    </ClInclude>
    <ClInclude Include="..\DemoVersion_Geon\GridInfomation.h">
      <Filter>헤더 파일</Filter>
    </ClInclude>
    <ClInclude Include="IncludeComponent.h">
      <Filter>헤더 파일\Helper</Filter>
    </ClInclude>
    <ClInclude Include="eTransformLayer.h">
      <Filter>헤더 파일</Filter>
    </ClInclude>
    <ClInclude Include="IncludeManager.h">
      <Filter>헤더 파일\Helper</Filter>
    </ClInclude>
  </ItemGroup>
</Project>