<?xml version="1.0" encoding="utf-8"?>
<Project ToolsVersion="4.0" xmlns="http://schemas.microsoft.com/developer/msbuild/2003">
  <ItemGroup>
    <Filter Include="소스 파일">
      <UniqueIdentifier>{4FC737F1-C7A5-4376-A066-2A32D752A2FF}</UniqueIdentifier>
      <Extensions>cpp;c;cc;cxx;c++;cppm;ixx;def;odl;idl;hpj;bat;asm;asmx</Extensions>
    </Filter>
    <Filter Include="헤더 파일">
      <UniqueIdentifier>{93995380-89BD-4b04-88EB-625FBE52EBFB}</UniqueIdentifier>
      <Extensions>h;hh;hpp;hxx;h++;hm;inl;inc;ipp;xsd</Extensions>
    </Filter>
    <Filter Include="리소스 파일">
      <UniqueIdentifier>{67DA6AB6-F800-4c08-8B7A-83BB121AAD01}</UniqueIdentifier>
      <Extensions>rc;ico;cur;bmp;dlg;rc2;rct;bin;rgs;gif;jpg;jpeg;jpe;resx;tiff;tif;png;wav;mfcribbon-ms</Extensions>
    </Filter>
    <Filter Include="헤더 파일\FSM">
      <UniqueIdentifier>{9b61ae66-68ef-48df-b165-e06c034ac04f}</UniqueIdentifier>
    </Filter>
    <Filter Include="소스 파일\FSM">
      <UniqueIdentifier>{98f4cbc1-ab5b-42ef-a660-a2153c6b7ea0}</UniqueIdentifier>
    </Filter>
    <Filter Include="소스 파일\Component">
      <UniqueIdentifier>{036c0ac1-0d22-47bb-8194-53affe0b90e8}</UniqueIdentifier>
    </Filter>
    <Filter Include="헤더 파일\Component">
      <UniqueIdentifier>{9a38d0fd-9f66-419d-bf98-9617845db40f}</UniqueIdentifier>
    </Filter>
    <Filter Include="헤더 파일\Helper">
      <UniqueIdentifier>{0a5e6b59-615b-43a9-b873-9b389e4525ee}</UniqueIdentifier>
    </Filter>
    <Filter Include="소스 파일\Helper">
      <UniqueIdentifier>{1ab67c95-6bc7-41f7-b521-cfdd06ed460f}</UniqueIdentifier>
    </Filter>
    <Filter Include="헤더 파일\UI">
      <UniqueIdentifier>{e7b61445-1846-4233-ae44-6aa01ab92593}</UniqueIdentifier>
    </Filter>
    <Filter Include="헤더 파일\enumClass">
      <UniqueIdentifier>{d29207e6-4aa6-41bb-8aae-4da7a6f9898a}</UniqueIdentifier>
    </Filter>
  </ItemGroup>
  <ItemGroup>
    <ClCompile Include="main.cpp">
      <Filter>소스 파일</Filter>
    </ClCompile>
    <ClCompile Include="SoulBeaterProcessor.cpp">
      <Filter>소스 파일</Filter>
    </ClCompile>
    <ClCompile Include="BaseMonsterComponent.cpp">
      <Filter>소스 파일\Component</Filter>
    </ClCompile>
    <ClCompile Include="FastFlyComponent.cpp">
      <Filter>소스 파일\Component</Filter>
    </ClCompile>
    <ClCompile Include="FlyComponent.cpp">
      <Filter>소스 파일\Component</Filter>
    </ClCompile>
    <ClCompile Include="BoomFlyComponent.cpp">
      <Filter>소스 파일\Component</Filter>
    </ClCompile>
    <ClCompile Include="MonsterFSM.cpp">
      <Filter>소스 파일\FSM</Filter>
    </ClCompile>
    <ClCompile Include="ObjectHelper.cpp">
      <Filter>소스 파일\Helper</Filter>
    </ClCompile>
    <ClCompile Include="LilithBossFSM.cpp">
      <Filter>소스 파일\FSM</Filter>
    </ClCompile>
    <ClCompile Include="EveBossFSM.cpp">
      <Filter>소스 파일\FSM</Filter>
    </ClCompile>
    <ClCompile Include="YsBossFSM.cpp">
      <Filter>소스 파일\FSM</Filter>
    </ClCompile>
    <ClCompile Include="PlayerFSM.cpp">
      <Filter>소스 파일\FSM</Filter>
    </ClCompile>
    <ClCompile Include="YsBossComponent.cpp">
      <Filter>소스 파일\Component</Filter>
    </ClCompile>
    <ClCompile Include="LilithBossComponent.cpp">
      <Filter>소스 파일\Component</Filter>
    </ClCompile>
    <ClCompile Include="EveDaggerComponent.cpp">
      <Filter>소스 파일\Component</Filter>
    </ClCompile>
    <ClCompile Include="EveBossComponent.cpp">
      <Filter>소스 파일\Component</Filter>
    </ClCompile>
    <ClCompile Include="DaggerComponent.cpp">
      <Filter>소스 파일\Component</Filter>
    </ClCompile>
    <ClCompile Include="NodeComponent.cpp">
      <Filter>소스 파일\Component</Filter>
    </ClCompile>
    <ClCompile Include="SoulBeaterScene.cpp">
      <Filter>소스 파일</Filter>
    </ClCompile>
    <ClCompile Include="UIManager.cpp">
      <Filter>소스 파일</Filter>
    </ClCompile>
    <ClCompile Include="Loader.cpp">
      <Filter>소스 파일\Helper</Filter>
    </ClCompile>
    <ClCompile Include="ConstanceTable.cpp">
      <Filter>소스 파일\Helper</Filter>
    </ClCompile>
    <ClCompile Include="BealzebubComponent.cpp">
      <Filter>소스 파일\Component</Filter>
    </ClCompile>
    <ClCompile Include="BealzebubFSM.cpp">
      <Filter>소스 파일\FSM</Filter>
    </ClCompile>
    <ClCompile Include="PlayerComponent.cpp">
      <Filter>소스 파일\Component</Filter>
    </ClCompile>
    <ClCompile Include="ButtonComponent.cpp">
      <Filter>소스 파일\Component</Filter>
    </ClCompile>
    <ClCompile Include="CutSceneComponent.cpp">
      <Filter>소스 파일\Component</Filter>
    </ClCompile>
    <ClCompile Include="HPComponent.cpp">
      <Filter>소스 파일\Component</Filter>
    </ClCompile>
    <ClCompile Include="TimerComponent.cpp">
      <Filter>소스 파일\Component</Filter>
    </ClCompile>
    <ClCompile Include="UIComponent.cpp">
      <Filter>소스 파일\Component</Filter>
    </ClCompile>
  </ItemGroup>
  <ItemGroup>
    <ClInclude Include="SoulBeaterProcessor.h">
      <Filter>헤더 파일</Filter>
    </ClInclude>
    <ClInclude Include="MonsterFSM.h">
      <Filter>헤더 파일\FSM</Filter>
    </ClInclude>
    <ClInclude Include="BaseMonsterComponent.h">
      <Filter>헤더 파일\Component</Filter>
    </ClInclude>
    <ClInclude Include="BoomFlyComponent.h">
      <Filter>헤더 파일\Component</Filter>
    </ClInclude>
    <ClInclude Include="FastFlyComponent.h">
      <Filter>헤더 파일\Component</Filter>
    </ClInclude>
    <ClInclude Include="FlyComponent.h">
      <Filter>헤더 파일\Component</Filter>
    </ClInclude>
    <ClInclude Include="ObjectHelper.h">
      <Filter>헤더 파일\Helper</Filter>
    </ClInclude>
    <ClInclude Include="DaggerComponent.h">
      <Filter>헤더 파일\Component</Filter>
    </ClInclude>
    <ClInclude Include="EveBossComponent.h">
      <Filter>헤더 파일\Component</Filter>
    </ClInclude>
    <ClInclude Include="EveDaggerComponent.h">
      <Filter>헤더 파일\Component</Filter>
    </ClInclude>
    <ClInclude Include="LilithBossComponent.h">
      <Filter>헤더 파일\Component</Filter>
    </ClInclude>
    <ClInclude Include="LilithBossFSM.h">
      <Filter>헤더 파일\Component</Filter>
    </ClInclude>
    <ClInclude Include="NodeComponent.h">
      <Filter>헤더 파일\Component</Filter>
    </ClInclude>
    <ClInclude Include="EveBossFSM.h">
      <Filter>헤더 파일\FSM</Filter>
    </ClInclude>
    <ClInclude Include="PlayerFSM.h">
      <Filter>헤더 파일\FSM</Filter>
    </ClInclude>
    <ClInclude Include="YsBossFSM.h">
      <Filter>헤더 파일\FSM</Filter>
    </ClInclude>
    <ClInclude Include="YsBossComponent.h">
      <Filter>헤더 파일\Component</Filter>
    </ClInclude>
    <ClInclude Include="SoulBeaterScene.h">
      <Filter>헤더 파일</Filter>
    </ClInclude>
    <ClInclude Include="eButtonstatus.h">
      <Filter>헤더 파일\enumClass</Filter>
    </ClInclude>
    <ClInclude Include="eSceneType.h">
      <Filter>헤더 파일\enumClass</Filter>
    </ClInclude>
    <ClInclude Include="eButtonType.h">
      <Filter>헤더 파일\enumClass</Filter>
    </ClInclude>
    <ClInclude Include="ePlayerState.h">
      <Filter>헤더 파일\enumClass</Filter>
    </ClInclude>
    <ClInclude Include="eUIManagerType.h">
      <Filter>헤더 파일\enumClass</Filter>
    </ClInclude>
    <ClInclude Include="eUISpriteType.h">
      <Filter>헤더 파일\enumClass</Filter>
    </ClInclude>
    <ClInclude Include="UIComponent.h">
      <Filter>헤더 파일\UI</Filter>
    </ClInclude>
    <ClInclude Include="TimerComponent.h">
      <Filter>헤더 파일\UI</Filter>
    </ClInclude>
    <ClInclude Include="HPComponent.h">
      <Filter>헤더 파일\UI</Filter>
    </ClInclude>
    <ClInclude Include="BossState.h">
      <Filter>헤더 파일\enumClass</Filter>
    </ClInclude>
    <ClInclude Include="UIManager.h">
      <Filter>헤더 파일\UI</Filter>
    </ClInclude>
    <ClInclude Include="Loader.h">
      <Filter>헤더 파일\Helper</Filter>
    </ClInclude>
    <ClInclude Include="eSoulBeaterID.h">
      <Filter>헤더 파일\enumClass</Filter>
    </ClInclude>
    <ClInclude Include="ConstantTable.h">
      <Filter>헤더 파일\Helper</Filter>
    </ClInclude>
    <ClInclude Include="ButtonComponent.h">
      <Filter>헤더 파일\UI</Filter>
    </ClInclude>
    <ClInclude Include="BealzebubComponent.h">
      <Filter>헤더 파일\Component</Filter>
    </ClInclude>
    <ClInclude Include="BealzebubFSM.h">
      <Filter>헤더 파일\FSM</Filter>
    </ClInclude>
    <ClInclude Include="PlayerComponent.h">
      <Filter>헤더 파일\Component</Filter>
    </ClInclude>
    <ClInclude Include="CutSceneComponent.h">
      <Filter>헤더 파일\Component</Filter>
    </ClInclude>
    <ClInclude Include="resource1.h">
      <Filter>헤더 파일</Filter>
    </ClInclude>
    <ClInclude Include="resource2.h">
      <Filter>헤더 파일</Filter>
    </ClInclude>
    <ClInclude Include="resource.h">
      <Filter>헤더 파일</Filter>
    </ClInclude>
  </ItemGroup>
  <ItemGroup>
    <ResourceCompile Include="SoulBeater.rc">
      <Filter>리소스 파일</Filter>
    </ResourceCompile>
  </ItemGroup>
  <ItemGroup>
    <Image Include="..\Bin\image\icon.ico">
      <Filter>리소스 파일</Filter>
    </Image>
  </ItemGroup>
</Project>