<?xml version="1.0" encoding="utf-8"?>
<Project ToolsVersion="4.0" xmlns="http://schemas.microsoft.com/developer/msbuild/2003">
  <ItemGroup>
    <Filter Include="소스 파일">
      <UniqueIdentifier>{4FC737F1-C7A5-4376-A066-2A32D752A2FF}</UniqueIdentifier>
      <Extensions>cpp;c;cc;cxx;c++;cppm;ixx;def;odl;idl;hpj;bat;asm;asmx</Extensions>
    </Filter>
    <Filter Include="헤더 파일">
      <UniqueIdentifier>{93995380-89BD-4b04-88EB-625FBE52EBFB}</UniqueIdentifier>
      <Extensions>h;hh;hpp;hxx;h++;hm;inl;inc;ipp;xsd</Extensions>
    </Filter>
    <Filter Include="리소스 파일">
      <UniqueIdentifier>{67DA6AB6-F800-4c08-8B7A-83BB121AAD01}</UniqueIdentifier>
      <Extensions>rc;ico;cur;bmp;dlg;rc2;rct;bin;rgs;gif;jpg;jpeg;jpe;resx;tiff;tif;png;wav;mfcribbon-ms</Extensions>
    </Filter>
    <Filter Include="헤더 파일\BealzebubProjectile">
      <UniqueIdentifier>{dee7080f-3cbb-4c8d-a3b2-bc4a3dd104f1}</UniqueIdentifier>
    </Filter>
    <Filter Include="헤더 파일\FSM">
      <UniqueIdentifier>{ca0953b8-ac99-4354-ae53-ac8b9e63fd0e}</UniqueIdentifier>
    </Filter>
  </ItemGroup>
  <ItemGroup>
    <ClCompile Include="main.cpp">
      <Filter>소스 파일</Filter>
    </ClCompile>
    <ClCompile Include="TestProjectJH.cpp">
      <Filter>소스 파일</Filter>
    </ClCompile>
    <ClCompile Include="MonsterFSM.cpp">
      <Filter>소스 파일</Filter>
    </ClCompile>
    <ClCompile Include="BaseMonsterComponent.cpp">
      <Filter>소스 파일</Filter>
    </ClCompile>
    <ClCompile Include="BealzebubFSM.cpp">
      <Filter>소스 파일</Filter>
    </ClCompile>
    <ClCompile Include="PlayerFSM.cpp">
      <Filter>소스 파일</Filter>
    </ClCompile>
    <ClCompile Include="FlyComponent.cpp">
      <Filter>소스 파일</Filter>
    </ClCompile>
    <ClCompile Include="FastFlyComponent.cpp">
      <Filter>소스 파일</Filter>
    </ClCompile>
    <ClCompile Include="BoomFlyComponent.cpp">
      <Filter>소스 파일</Filter>
    </ClCompile>
  </ItemGroup>
  <ItemGroup>
    <ClInclude Include="TestProjectJH.h">
      <Filter>헤더 파일</Filter>
    </ClInclude>
    <ClInclude Include="BaseMonsterComponent.h">
      <Filter>헤더 파일</Filter>
    </ClInclude>
    <ClInclude Include="FlyComponent.h">
      <Filter>헤더 파일\BealzebubProjectile</Filter>
    </ClInclude>
    <ClInclude Include="FastFlyComponent.h">
      <Filter>헤더 파일\BealzebubProjectile</Filter>
    </ClInclude>
    <ClInclude Include="BoomFlyComponent.h">
      <Filter>헤더 파일\BealzebubProjectile</Filter>
    </ClInclude>
    <ClInclude Include="BealzebubFSM.h">
      <Filter>헤더 파일\FSM</Filter>
    </ClInclude>
    <ClInclude Include="MonsterFSM.h">
      <Filter>헤더 파일\FSM</Filter>
    </ClInclude>
    <ClInclude Include="PlayerFSM.h">
      <Filter>헤더 파일\FSM</Filter>
    </ClInclude>
  </ItemGroup>
</Project>